{
  "name": "@originjs/vite-plugin-commonjs",
  "version": "1.0.0-beta3",
  "lockfileVersion": 1,
  "requires": true,
  "dependencies": {
    "@types/node": {
      "version": "15.12.2",
      "resolved": "https://registry.nlark.com/@types/node/download/@types/node-15.12.2.tgz",
      "integrity": "sha1-HytCxL5xVv9Kb5FLL7A9BfqE440=",
      "dev": true
    },
    "colorette": {
      "version": "1.2.2",
      "resolved": "https://registry.npm.taobao.org/colorette/download/colorette-1.2.2.tgz?cache=0&sync_timestamp=1614259623635&other_urls=https%3A%2F%2Fregistry.npm.taobao.org%2Fcolorette%2Fdownload%2Fcolorette-1.2.2.tgz",
      "integrity": "sha1-y8x51emcrqLb8Q6zom/Ys+as+pQ=",
      "dev": true
    },
    "esbuild": {
      "version": "0.12.6",
      "resolved": "https://registry.nlark.com/esbuild/download/esbuild-0.12.6.tgz?cache=0&sync_timestamp=1622791848900&other_urls=https%3A%2F%2Fregistry.nlark.com%2Fesbuild%2Fdownload%2Fesbuild-0.12.6.tgz",
      "integrity": "sha1-hbx1XHzzAF1PNLTxD5gEnODuZ84="
    },
    "fsevents": {
      "version": "2.3.2",
      "resolved": "https://registry.npm.taobao.org/fsevents/download/fsevents-2.3.2.tgz?cache=0&sync_timestamp=1612537044236&other_urls=https%3A%2F%2Fregistry.npm.taobao.org%2Ffsevents%2Fdownload%2Ffsevents-2.3.2.tgz",
      "integrity": "sha1-ilJveLj99GI7cJ4Ll1xSwkwC/Ro=",
      "dev": true,
      "optional": true
    },
    "function-bind": {
      "version": "1.1.1",
      "resolved": "https://registry.npm.taobao.org/function-bind/download/function-bind-1.1.1.tgz",
      "integrity": "sha1-pWiZ0+o8m6uHS7l3O3xe3pL0iV0=",
      "dev": true
    },
    "has": {
      "version": "1.0.3",
      "resolved": "https://registry.npm.taobao.org/has/download/has-1.0.3.tgz",
      "integrity": "sha1-ci18v8H2qoJB8W3YFOAR4fQeh5Y=",
      "dev": true,
      "requires": {
        "function-bind": "^1.1.1"
      }
    },
    "is-core-module": {
      "version": "2.4.0",
      "resolved": "https://registry.nlark.com/is-core-module/download/is-core-module-2.4.0.tgz",
      "integrity": "sha1-jp/I4VAnsBFBgCbpjw5vTYYwXME=",
      "dev": true,
      "requires": {
        "has": "^1.0.3"
      }
    },
    "nanoid": {
      "version": "3.1.23",
      "resolved": "https://registry.nlark.com/nanoid/download/nanoid-3.1.23.tgz?cache=0&sync_timestamp=1620673983269&other_urls=https%3A%2F%2Fregistry.nlark.com%2Fnanoid%2Fdownload%2Fnanoid-3.1.23.tgz",
      "integrity": "sha1-90QIbOfCvEfuCoRyV01ceOQYOoE=",
      "dev": true
    },
    "path-parse": {
      "version": "1.0.7",
      "resolved": "https://registry.nlark.com/path-parse/download/path-parse-1.0.7.tgz",
      "integrity": "sha1-+8EUtgykKzDZ2vWFjkvWi77bZzU=",
      "dev": true
    },
    "postcss": {
      "version": "8.3.0",
      "resolved": "https://registry.nlark.com/postcss/download/postcss-8.3.0.tgz",
      "integrity": "sha1-sacT9hcspCfj8F7xMD3otlaDMl8=",
      "dev": true,
      "requires": {
        "colorette": "^1.2.2",
        "nanoid": "^3.1.23",
        "source-map-js": "^0.6.2"
      }
    },
    "resolve": {
      "version": "1.20.0",
      "resolved": "https://registry.npm.taobao.org/resolve/download/resolve-1.20.0.tgz",
      "integrity": "sha1-YpoBP7P3B1XW8LeTXMHCxTeLGXU=",
      "dev": true,
      "requires": {
        "is-core-module": "^2.2.0",
        "path-parse": "^1.0.6"
      }
    },
    "rollup": {
      "version": "2.51.1",
      "resolved": "https://registry.nlark.com/rollup/download/rollup-2.51.1.tgz?cache=0&sync_timestamp=1623131069158&other_urls=https%3A%2F%2Fregistry.nlark.com%2Frollup%2Fdownload%2Frollup-2.51.1.tgz",
      "integrity": "sha1-h7zUCV/nmxTJvsDtx/+kTkgn95M=",
      "dev": true,
      "requires": {
        "fsevents": "~2.3.1"
      }
    },
    "source-map-js": {
      "version": "0.6.2",
      "resolved": "https://registry.npm.taobao.org/source-map-js/download/source-map-js-0.6.2.tgz",
      "integrity": "sha1-C7XeYxtBz72mz7qL0FqA79/SOF4=",
      "dev": true
    },
    "typescript": {
      "version": "4.3.2",
      "resolved": "https://registry.nlark.com/typescript/download/typescript-4.3.2.tgz",
      "integrity": "sha1-OZqxiqxFgC1vJJjeUFT8u+cWqAU=",
      "dev": true
    },
    "vite": {
      "version": "2.3.6",
      "resolved": "https://registry.nlark.com/vite/download/vite-2.3.6.tgz?cache=0&sync_timestamp=1622612524178&other_urls=https%3A%2F%2Fregistry.nlark.com%2Fvite%2Fdownload%2Fvite-2.3.6.tgz",
      "integrity": "sha1-H3z96IpRqALWkADHushdSBwuhxw=",
      "dev": true,
      "requires": {
        "esbuild": "^0.12.5",
        "fsevents": "~2.3.1",
        "postcss": "^8.2.10",
        "resolve": "^1.19.0",
        "rollup": "^2.38.5"
      }
    }
  }
}
